
Microsoft Visual Studio Solution File, Format Version 12.00
# Visual Studio Version 17
VisualStudioVersion = 17.14.36221.1
MinimumVisualStudioVersion = 10.0.40219.1
Project("{FAE04EC0-301F-11D3-BF4B-00C04F79EFBC}") = "FastFoodOnline", "FastFoodOnline\FastFoodOnline.csproj", "{B03CD64E-C734-4FB9-9054-F2E2B7E59B9B}"
EndProject
Project("{FAE04EC0-301F-11D3-BF4B-00C04F79EFBC}") = "FastFoodOnline.Tests", "FastFoodOnline.Tests\FastFoodOnline.Tests.csproj", "{837D8CDE-3FF6-48AE-B239-B3EE669F40B8}"
EndProject
Global
	GlobalSection(SolutionConfigurationPlatforms) = preSolution
		Debug|Any CPU = Debug|Any CPU
		Release|Any CPU = Release|Any CPU
	EndGlobalSection
	GlobalSection(ProjectConfigurationPlatforms) = postSolution
		{B03CD64E-C734-4FB9-9054-F2E2B7E59B9B}.Debug|Any CPU.ActiveCfg = Debug|Any CPU
		{B03CD64E-C734-4FB9-9054-F2E2B7E59B9B}.Debug|Any CPU.Build.0 = Debug|Any CPU
		{B03CD64E-C734-4FB9-9054-F2E2B7E59B9B}.Release|Any CPU.ActiveCfg = Release|Any CPU
		{B03CD64E-C734-4FB9-9054-F2E2B7E59B9B}.Release|Any CPU.Build.0 = Release|Any CPU
		{837D8CDE-3FF6-48AE-B239-B3EE669F40B8}.Debug|Any CPU.ActiveCfg = Debug|Any CPU
		{837D8CDE-3FF6-48AE-B239-B3EE669F40B8}.Debug|Any CPU.Build.0 = Debug|Any CPU
		{837D8CDE-3FF6-48AE-B239-B3EE669F40B8}.Release|Any CPU.ActiveCfg = Release|Any CPU
		{837D8CDE-3FF6-48AE-B239-B3EE669F40B8}.Release|Any CPU.Build.0 = Release|Any CPU
	EndGlobalSection
	GlobalSection(SolutionProperties) = preSolution
		HideSolutionNode = FALSE
	EndGlobalSection
	GlobalSection(ExtensibilityGlobals) = postSolution
		SolutionGuid = {83D325FD-1955-434E-A8F9-183344338CC0}
	EndGlobalSection
EndGlobal
